{
  "name": "Winzer",
  "version": "1.0.0",
  "lockfileVersion": 2,
  "requires": true,
  "packages": {
    "": {
      "name": "Winzer",
      "version": "1.0.0",
      "license": "ISC",
      "dependencies": {
        "@pepperi-addons/papi-sdk": "^1.22.3"
      }
    },
    "node_modules/@pepperi-addons/papi-sdk": {
      "version": "1.22.3",
      "resolved": "https://registry.npmjs.org/@pepperi-addons/papi-sdk/-/papi-sdk-1.22.3.tgz",
      "integrity": "sha512-EVK4UOzeWRFQBZX3D5xyOAP9kXqlWELqL9z9frqvY5H0Q2zE9c1cPgrunxoGM+Tk383sRGi4fgc5x3P6iNY58w==",
      "dependencies": {
        "node-fetch": "^2.6.0"
      }
    },
    "node_modules/node-fetch": {
      "version": "2.6.1",
      "resolved": "https://registry.npmjs.org/node-fetch/-/node-fetch-2.6.1.tgz",
      "integrity": "sha512-V4aYg89jEoVRxRb2fJdAg8FHvI7cEyYdVAh94HH0UIK8oJxUfkjlDQN9RbMx+bEjP7+ggMiFRprSti032Oipxw==",
      "engines": {
        "node": "4.x || >=6.0.0"
      }
    }
  },
  "dependencies": {
    "@pepperi-addons/papi-sdk": {
      "version": "1.22.3",
      "resolved": "https://registry.npmjs.org/@pepperi-addons/papi-sdk/-/papi-sdk-1.22.3.tgz",
      "integrity": "sha512-EVK4UOzeWRFQBZX3D5xyOAP9kXqlWELqL9z9frqvY5H0Q2zE9c1cPgrunxoGM+Tk383sRGi4fgc5x3P6iNY58w==",
      "requires": {
        "node-fetch": "^2.6.0"
      }
    },
    "node-fetch": {
      "version": "2.6.1",
      "resolved": "https://registry.npmjs.org/node-fetch/-/node-fetch-2.6.1.tgz",
      "integrity": "sha512-V4aYg89jEoVRxRb2fJdAg8FHvI7cEyYdVAh94HH0UIK8oJxUfkjlDQN9RbMx+bEjP7+ggMiFRprSti032Oipxw=="
    }
  }
}
